
Microsoft Visual Studio Solution File, Format Version 12.00
# Visual Studio Version 16
VisualStudioVersion = 16.0.30611.23
MinimumVisualStudioVersion = 10.0.40219.1
Project("{FAE04EC0-301F-11D3-BF4B-00C04F79EFBC}") = "25_Esercizio_animali", "25_Esercizio_animali\25_Esercizio_animali.csproj", "{5212BFD9-5380-412F-BBFD-94FB6331A7FC}"
EndProject
Global
	GlobalSection(SolutionConfigurationPlatforms) = preSolution
		Debug|Any CPU = Debug|Any CPU
		Release|Any CPU = Release|Any CPU
	EndGlobalSection
	GlobalSection(ProjectConfigurationPlatforms) = postSolution
		{5212BFD9-5380-412F-BBFD-94FB6331A7FC}.Debug|Any CPU.ActiveCfg = Debug|Any CPU
		{5212BFD9-5380-412F-BBFD-94FB6331A7FC}.Debug|Any CPU.Build.0 = Debug|Any CPU
		{5212BFD9-5380-412F-BBFD-94FB6331A7FC}.Release|Any CPU.ActiveCfg = Release|Any CPU
		{5212BFD9-5380-412F-BBFD-94FB6331A7FC}.Release|Any CPU.Build.0 = Release|Any CPU
	EndGlobalSection
	GlobalSection(SolutionProperties) = preSolution
		HideSolutionNode = FALSE
	EndGlobalSection
	GlobalSection(ExtensibilityGlobals) = postSolution
		SolutionGuid = {48E365A5-0E1E-4A95-80CF-2F0BE1AB314F}
	EndGlobalSection
EndGlobal
