
Microsoft Visual Studio Solution File, Format Version 12.00
# Visual Studio Version 16
VisualStudioVersion = 16.0.30611.23
MinimumVisualStudioVersion = 10.0.40219.1
Project("{FAE04EC0-301F-11D3-BF4B-00C04F79EFBC}") = "19_ereditarietà_esercizio_guidato_finale", "19_ereditarietà_esercizio_guidato_finale\19_ereditarietà_esercizio_guidato_finale.csproj", "{374704AF-D544-450A-A194-1A679C3F94A2}"
EndProject
Global
	GlobalSection(SolutionConfigurationPlatforms) = preSolution
		Debug|Any CPU = Debug|Any CPU
		Release|Any CPU = Release|Any CPU
	EndGlobalSection
	GlobalSection(ProjectConfigurationPlatforms) = postSolution
		{374704AF-D544-450A-A194-1A679C3F94A2}.Debug|Any CPU.ActiveCfg = Debug|Any CPU
		{374704AF-D544-450A-A194-1A679C3F94A2}.Debug|Any CPU.Build.0 = Debug|Any CPU
		{374704AF-D544-450A-A194-1A679C3F94A2}.Release|Any CPU.ActiveCfg = Release|Any CPU
		{374704AF-D544-450A-A194-1A679C3F94A2}.Release|Any CPU.Build.0 = Release|Any CPU
	EndGlobalSection
	GlobalSection(SolutionProperties) = preSolution
		HideSolutionNode = FALSE
	EndGlobalSection
	GlobalSection(ExtensibilityGlobals) = postSolution
		SolutionGuid = {6B1D33A4-61A6-44B4-9B39-72D0F9F63135}
	EndGlobalSection
EndGlobal
