
Microsoft Visual Studio Solution File, Format Version 12.00
# Visual Studio Version 16
VisualStudioVersion = 16.0.30611.23
MinimumVisualStudioVersion = 10.0.40219.1
Project("{FAE04EC0-301F-11D3-BF4B-00C04F79EFBC}") = "07_Metodo_Singleton", "07_Metodo_Singleton\07_Metodo_Singleton.csproj", "{7262F11A-EB75-4BAD-8385-65BC3A6AC277}"
EndProject
Global
	GlobalSection(SolutionConfigurationPlatforms) = preSolution
		Debug|Any CPU = Debug|Any CPU
		Release|Any CPU = Release|Any CPU
	EndGlobalSection
	GlobalSection(ProjectConfigurationPlatforms) = postSolution
		{7262F11A-EB75-4BAD-8385-65BC3A6AC277}.Debug|Any CPU.ActiveCfg = Debug|Any CPU
		{7262F11A-EB75-4BAD-8385-65BC3A6AC277}.Debug|Any CPU.Build.0 = Debug|Any CPU
		{7262F11A-EB75-4BAD-8385-65BC3A6AC277}.Release|Any CPU.ActiveCfg = Release|Any CPU
		{7262F11A-EB75-4BAD-8385-65BC3A6AC277}.Release|Any CPU.Build.0 = Release|Any CPU
	EndGlobalSection
	GlobalSection(SolutionProperties) = preSolution
		HideSolutionNode = FALSE
	EndGlobalSection
	GlobalSection(ExtensibilityGlobals) = postSolution
		SolutionGuid = {021E213F-C7CF-4F1D-9AF8-0B87974E74D9}
	EndGlobalSection
EndGlobal
