
Microsoft Visual Studio Solution File, Format Version 12.00
# Visual Studio Version 16
VisualStudioVersion = 16.0.29411.108
MinimumVisualStudioVersion = 10.0.40219.1
Project("{FAE04EC0-301F-11D3-BF4B-00C04F79EFBC}") = "04_Esercizio Preparatorio", "04_Esercizio Preparatorio\04_Esercizio Preparatorio.csproj", "{4BDA0439-1B12-423D-B4FD-B82751ADA44E}"
EndProject
Global
	GlobalSection(SolutionConfigurationPlatforms) = preSolution
		Debug|Any CPU = Debug|Any CPU
		Release|Any CPU = Release|Any CPU
	EndGlobalSection
	GlobalSection(ProjectConfigurationPlatforms) = postSolution
		{4BDA0439-1B12-423D-B4FD-B82751ADA44E}.Debug|Any CPU.ActiveCfg = Debug|Any CPU
		{4BDA0439-1B12-423D-B4FD-B82751ADA44E}.Debug|Any CPU.Build.0 = Debug|Any CPU
		{4BDA0439-1B12-423D-B4FD-B82751ADA44E}.Release|Any CPU.ActiveCfg = Release|Any CPU
		{4BDA0439-1B12-423D-B4FD-B82751ADA44E}.Release|Any CPU.Build.0 = Release|Any CPU
	EndGlobalSection
	GlobalSection(SolutionProperties) = preSolution
		HideSolutionNode = FALSE
	EndGlobalSection
	GlobalSection(ExtensibilityGlobals) = postSolution
		SolutionGuid = {5E56CEEA-B531-4604-8227-49B5FB9EE26A}
	EndGlobalSection
EndGlobal
