
Microsoft Visual Studio Solution File, Format Version 12.00
# Visual Studio Version 16
VisualStudioVersion = 16.0.30611.23
MinimumVisualStudioVersion = 10.0.40219.1
Project("{FAE04EC0-301F-11D3-BF4B-00C04F79EFBC}") = "17_Ereditarietà", "17_Ereditarietà\17_Ereditarietà.csproj", "{BAFC2526-09F7-4589-B15F-B98901CCB6A0}"
EndProject
Global
	GlobalSection(SolutionConfigurationPlatforms) = preSolution
		Debug|Any CPU = Debug|Any CPU
		Release|Any CPU = Release|Any CPU
	EndGlobalSection
	GlobalSection(ProjectConfigurationPlatforms) = postSolution
		{BAFC2526-09F7-4589-B15F-B98901CCB6A0}.Debug|Any CPU.ActiveCfg = Debug|Any CPU
		{BAFC2526-09F7-4589-B15F-B98901CCB6A0}.Debug|Any CPU.Build.0 = Debug|Any CPU
		{BAFC2526-09F7-4589-B15F-B98901CCB6A0}.Release|Any CPU.ActiveCfg = Release|Any CPU
		{BAFC2526-09F7-4589-B15F-B98901CCB6A0}.Release|Any CPU.Build.0 = Release|Any CPU
	EndGlobalSection
	GlobalSection(SolutionProperties) = preSolution
		HideSolutionNode = FALSE
	EndGlobalSection
	GlobalSection(ExtensibilityGlobals) = postSolution
		SolutionGuid = {6BEE54E3-F329-413B-91CB-D03C4692825A}
	EndGlobalSection
EndGlobal
