
Microsoft Visual Studio Solution File, Format Version 12.00
# Visual Studio Version 16
VisualStudioVersion = 16.0.30611.23
MinimumVisualStudioVersion = 10.0.40219.1
Project("{FAE04EC0-301F-11D3-BF4B-00C04F79EFBC}") = "14_Esercizio_in_classe", "14_Esercizio_in_classe\14_Esercizio_in_classe.csproj", "{05BB2349-77FD-479B-970C-39CC84D73F2C}"
EndProject
Global
	GlobalSection(SolutionConfigurationPlatforms) = preSolution
		Debug|Any CPU = Debug|Any CPU
		Release|Any CPU = Release|Any CPU
	EndGlobalSection
	GlobalSection(ProjectConfigurationPlatforms) = postSolution
		{05BB2349-77FD-479B-970C-39CC84D73F2C}.Debug|Any CPU.ActiveCfg = Debug|Any CPU
		{05BB2349-77FD-479B-970C-39CC84D73F2C}.Debug|Any CPU.Build.0 = Debug|Any CPU
		{05BB2349-77FD-479B-970C-39CC84D73F2C}.Release|Any CPU.ActiveCfg = Release|Any CPU
		{05BB2349-77FD-479B-970C-39CC84D73F2C}.Release|Any CPU.Build.0 = Release|Any CPU
	EndGlobalSection
	GlobalSection(SolutionProperties) = preSolution
		HideSolutionNode = FALSE
	EndGlobalSection
	GlobalSection(ExtensibilityGlobals) = postSolution
		SolutionGuid = {DA863531-ABFB-4505-B55D-F1363D4D5ABC}
	EndGlobalSection
EndGlobal
